// !$*UTF8*$!
{
	archiveVersion = 1;
	classes = {
	};
	objectVersion = 56;
	objects = {

/* Begin PBXBuildFile section */
		A0DB76C5A5C556AB829EBBF8 /* libPods-CoreLocationPock.a in Frameworks */ = {isa = PBXBuildFile; fileRef = 41A6FA3D828912C9028836CA /* libPods-CoreLocationPock.a */; };
		CE0A426D2B86688600556BDA /* MapService.swift in Sources */ = {isa = PBXBuildFile; fileRef = CE0A426C2B86688600556BDA /* MapService.swift */; };
		CE0A426F2B8668DD00556BDA /* AddressResultModel.swift in Sources */ = {isa = PBXBuildFile; fileRef = CE0A426E2B8668DD00556BDA /* AddressResultModel.swift */; };
		CE0A42712B8681E300556BDA /* MapViewModel.swift in Sources */ = {isa = PBXBuildFile; fileRef = CE0A42702B8681E300556BDA /* MapViewModel.swift */; };
		CE26A9552B838D1C00BDB402 /* AppDelegate.swift in Sources */ = {isa = PBXBuildFile; fileRef = CE26A9542B838D1C00BDB402 /* AppDelegate.swift */; };
		CE26A9592B838D1C00BDB402 /* ViewController.swift in Sources */ = {isa = PBXBuildFile; fileRef = CE26A9582B838D1C00BDB402 /* ViewController.swift */; };
		CE26A95E2B838D1E00BDB402 /* Assets.xcassets in Resources */ = {isa = PBXBuildFile; fileRef = CE26A95D2B838D1E00BDB402 /* Assets.xcassets */; };
		CE26A9612B838D1E00BDB402 /* LaunchScreen.storyboard in Resources */ = {isa = PBXBuildFile; fileRef = CE26A95F2B838D1E00BDB402 /* LaunchScreen.storyboard */; };
		CE26A9692B83907300BDB402 /* HomeViewController.swift in Sources */ = {isa = PBXBuildFile; fileRef = CE26A9682B83907300BDB402 /* HomeViewController.swift */; };
		CE26A96B2B8390AC00BDB402 /* LocationList.gpx in Resources */ = {isa = PBXBuildFile; fileRef = CE26A96A2B8390AC00BDB402 /* LocationList.gpx */; };
		CE26A9702B83D3AF00BDB402 /* MapViewController.swift in Sources */ = {isa = PBXBuildFile; fileRef = CE26A96F2B83D3AF00BDB402 /* MapViewController.swift */; };
		CEAAC2592C5137CA00E3C8DA /* LocationManager.swift in Sources */ = {isa = PBXBuildFile; fileRef = CEAAC2582C5137CA00E3C8DA /* LocationManager.swift */; };
		CEED1E702B87C119008FFFBE /* AddressViewController.swift in Sources */ = {isa = PBXBuildFile; fileRef = CEED1E6F2B87C119008FFFBE /* AddressViewController.swift */; };
/* End PBXBuildFile section */

/* Begin PBXFileReference section */
		41A6FA3D828912C9028836CA /* libPods-CoreLocationPock.a */ = {isa = PBXFileReference; explicitFileType = archive.ar; includeInIndex = 0; path = "libPods-CoreLocationPock.a"; sourceTree = BUILT_PRODUCTS_DIR; };
		51670B633DDC2258F8790701 /* Pods-CoreLocationPock.release.xcconfig */ = {isa = PBXFileReference; includeInIndex = 1; lastKnownFileType = text.xcconfig; name = "Pods-CoreLocationPock.release.xcconfig"; path = "Target Support Files/Pods-CoreLocationPock/Pods-CoreLocationPock.release.xcconfig"; sourceTree = "<group>"; };
		BBF0CF2F381AC7D3A60A8DE5 /* Pods-CoreLocationPock.debug.xcconfig */ = {isa = PBXFileReference; includeInIndex = 1; lastKnownFileType = text.xcconfig; name = "Pods-CoreLocationPock.debug.xcconfig"; path = "Target Support Files/Pods-CoreLocationPock/Pods-CoreLocationPock.debug.xcconfig"; sourceTree = "<group>"; };
		CE0A426C2B86688600556BDA /* MapService.swift */ = {isa = PBXFileReference; lastKnownFileType = sourcecode.swift; path = MapService.swift; sourceTree = "<group>"; };
		CE0A426E2B8668DD00556BDA /* AddressResultModel.swift */ = {isa = PBXFileReference; lastKnownFileType = sourcecode.swift; path = AddressResultModel.swift; sourceTree = "<group>"; };
		CE0A42702B8681E300556BDA /* MapViewModel.swift */ = {isa = PBXFileReference; lastKnownFileType = sourcecode.swift; path = MapViewModel.swift; sourceTree = "<group>"; };
		CE26A9512B838D1C00BDB402 /* CoreLocationPock.app */ = {isa = PBXFileReference; explicitFileType = wrapper.application; includeInIndex = 0; path = CoreLocationPock.app; sourceTree = BUILT_PRODUCTS_DIR; };
		CE26A9542B838D1C00BDB402 /* AppDelegate.swift */ = {isa = PBXFileReference; lastKnownFileType = sourcecode.swift; path = AppDelegate.swift; sourceTree = "<group>"; };
		CE26A9582B838D1C00BDB402 /* ViewController.swift */ = {isa = PBXFileReference; lastKnownFileType = sourcecode.swift; path = ViewController.swift; sourceTree = "<group>"; };
		CE26A95D2B838D1E00BDB402 /* Assets.xcassets */ = {isa = PBXFileReference; lastKnownFileType = folder.assetcatalog; path = Assets.xcassets; sourceTree = "<group>"; };
		CE26A9602B838D1E00BDB402 /* Base */ = {isa = PBXFileReference; lastKnownFileType = file.storyboard; name = Base; path = Base.lproj/LaunchScreen.storyboard; sourceTree = "<group>"; };
		CE26A9622B838D1E00BDB402 /* Info.plist */ = {isa = PBXFileReference; lastKnownFileType = text.plist.xml; name = Info.plist; path = CoreLocationPock/Resource/Info.plist; sourceTree = SOURCE_ROOT; };
		CE26A9682B83907300BDB402 /* HomeViewController.swift */ = {isa = PBXFileReference; fileEncoding = 4; lastKnownFileType = sourcecode.swift; path = HomeViewController.swift; sourceTree = "<group>"; };
		CE26A96A2B8390AC00BDB402 /* LocationList.gpx */ = {isa = PBXFileReference; fileEncoding = 4; lastKnownFileType = text.xml; path = LocationList.gpx; sourceTree = "<group>"; };
		CE26A96F2B83D3AF00BDB402 /* MapViewController.swift */ = {isa = PBXFileReference; lastKnownFileType = sourcecode.swift; path = MapViewController.swift; sourceTree = "<group>"; };
		CEAAC2582C5137CA00E3C8DA /* LocationManager.swift */ = {isa = PBXFileReference; lastKnownFileType = sourcecode.swift; path = LocationManager.swift; sourceTree = "<group>"; };
		CEED1E6F2B87C119008FFFBE /* AddressViewController.swift */ = {isa = PBXFileReference; lastKnownFileType = sourcecode.swift; path = AddressViewController.swift; sourceTree = "<group>"; };
/* End PBXFileReference section */

/* Begin PBXFrameworksBuildPhase section */
		CE26A94E2B838D1C00BDB402 /* Frameworks */ = {
			isa = PBXFrameworksBuildPhase;
			buildActionMask = 2147483647;
			files = (
				A0DB76C5A5C556AB829EBBF8 /* libPods-CoreLocationPock.a in Frameworks */,
			);
			runOnlyForDeploymentPostprocessing = 0;
		};
/* End PBXFrameworksBuildPhase section */

/* Begin PBXGroup section */
		1A959AE382D08024C26249F9 /* Frameworks */ = {
			isa = PBXGroup;
			children = (
				41A6FA3D828912C9028836CA /* libPods-CoreLocationPock.a */,
			);
			name = Frameworks;
			sourceTree = "<group>";
		};
		CE26A9482B838D1C00BDB402 = {
			isa = PBXGroup;
			children = (
				CE26A9532B838D1C00BDB402 /* CoreLocationPock */,
				CE26A9522B838D1C00BDB402 /* Products */,
				D2C95E889F78C1175D9B6E58 /* Pods */,
				1A959AE382D08024C26249F9 /* Frameworks */,
			);
			sourceTree = "<group>";
		};
		CE26A9522B838D1C00BDB402 /* Products */ = {
			isa = PBXGroup;
			children = (
				CE26A9512B838D1C00BDB402 /* CoreLocationPock.app */,
			);
			name = Products;
			sourceTree = "<group>";
		};
		CE26A9532B838D1C00BDB402 /* CoreLocationPock */ = {
			isa = PBXGroup;
			children = (
				CE26A96E2B83A4FC00BDB402 /* Scene */,
				CE26A96D2B83A4EE00BDB402 /* Resource */,
				CE26A96C2B83A4E700BDB402 /* Source */,
			);
			path = CoreLocationPock;
			sourceTree = "<group>";
		};
		CE26A96C2B83A4E700BDB402 /* Source */ = {
			isa = PBXGroup;
			children = (
				CE26A9542B838D1C00BDB402 /* AppDelegate.swift */,
			);
			path = Source;
			sourceTree = "<group>";
		};
		CE26A96D2B83A4EE00BDB402 /* Resource */ = {
			isa = PBXGroup;
			children = (
				CE26A96A2B8390AC00BDB402 /* LocationList.gpx */,
				CE26A95D2B838D1E00BDB402 /* Assets.xcassets */,
				CE26A95F2B838D1E00BDB402 /* LaunchScreen.storyboard */,
				CE26A9622B838D1E00BDB402 /* Info.plist */,
			);
			path = Resource;
			sourceTree = "<group>";
		};
		CE26A96E2B83A4FC00BDB402 /* Scene */ = {
			isa = PBXGroup;
			children = (
				CE26A9682B83907300BDB402 /* HomeViewController.swift */,
				CE26A9582B838D1C00BDB402 /* ViewController.swift */,
				CE26A96F2B83D3AF00BDB402 /* MapViewController.swift */,
				CE0A42702B8681E300556BDA /* MapViewModel.swift */,
				CE0A426C2B86688600556BDA /* MapService.swift */,
				CE0A426E2B8668DD00556BDA /* AddressResultModel.swift */,
				CEED1E6F2B87C119008FFFBE /* AddressViewController.swift */,
				CEAAC2582C5137CA00E3C8DA /* LocationManager.swift */,
			);
			path = Scene;
			sourceTree = "<group>";
		};
		D2C95E889F78C1175D9B6E58 /* Pods */ = {
			isa = PBXGroup;
			children = (
				BBF0CF2F381AC7D3A60A8DE5 /* Pods-CoreLocationPock.debug.xcconfig */,
				51670B633DDC2258F8790701 /* Pods-CoreLocationPock.release.xcconfig */,
			);
			path = Pods;
			sourceTree = "<group>";
		};
/* End PBXGroup section */

/* Begin PBXNativeTarget section */
		CE26A9502B838D1C00BDB402 /* CoreLocationPock */ = {
			isa = PBXNativeTarget;
			buildConfigurationList = CE26A9652B838D1E00BDB402 /* Build configuration list for PBXNativeTarget "CoreLocationPock" */;
			buildPhases = (
				903079341E19D4F9FB423768 /* [CP] Check Pods Manifest.lock */,
				CE26A94D2B838D1C00BDB402 /* Sources */,
				CE26A94E2B838D1C00BDB402 /* Frameworks */,
				CE26A94F2B838D1C00BDB402 /* Resources */,
				5C818019C6D57C4E4AB9723E /* [CP] Copy Pods Resources */,
			);
			buildRules = (
			);
			dependencies = (
			);
			name = CoreLocationPock;
			productName = CoreLocationPock;
			productReference = CE26A9512B838D1C00BDB402 /* CoreLocationPock.app */;
			productType = "com.apple.product-type.application";
		};
/* End PBXNativeTarget section */

/* Begin PBXProject section */
		CE26A9492B838D1C00BDB402 /* Project object */ = {
			isa = PBXProject;
			attributes = {
				BuildIndependentTargetsInParallel = 1;
				LastSwiftUpdateCheck = 1510;
				LastUpgradeCheck = 1510;
				TargetAttributes = {
					CE26A9502B838D1C00BDB402 = {
						CreatedOnToolsVersion = 15.1;
					};
				};
			};
			buildConfigurationList = CE26A94C2B838D1C00BDB402 /* Build configuration list for PBXProject "CoreLocationPock" */;
			compatibilityVersion = "Xcode 14.0";
			developmentRegion = en;
			hasScannedForEncodings = 0;
			knownRegions = (
				en,
				Base,
			);
			mainGroup = CE26A9482B838D1C00BDB402;
			productRefGroup = CE26A9522B838D1C00BDB402 /* Products */;
			projectDirPath = "";
			projectRoot = "";
			targets = (
				CE26A9502B838D1C00BDB402 /* CoreLocationPock */,
			);
		};
/* End PBXProject section */

/* Begin PBXResourcesBuildPhase section */
		CE26A94F2B838D1C00BDB402 /* Resources */ = {
			isa = PBXResourcesBuildPhase;
			buildActionMask = 2147483647;
			files = (
				CE26A9612B838D1E00BDB402 /* LaunchScreen.storyboard in Resources */,
				CE26A96B2B8390AC00BDB402 /* LocationList.gpx in Resources */,
				CE26A95E2B838D1E00BDB402 /* Assets.xcassets in Resources */,
			);
			runOnlyForDeploymentPostprocessing = 0;
		};
/* End PBXResourcesBuildPhase section */

/* Begin PBXShellScriptBuildPhase section */
		5C818019C6D57C4E4AB9723E /* [CP] Copy Pods Resources */ = {
			isa = PBXShellScriptBuildPhase;
			buildActionMask = 2147483647;
			files = (
			);
			inputFileListPaths = (
				"${PODS_ROOT}/Target Support Files/Pods-CoreLocationPock/Pods-CoreLocationPock-resources-${CONFIGURATION}-input-files.xcfilelist",
			);
			name = "[CP] Copy Pods Resources";
			outputFileListPaths = (
				"${PODS_ROOT}/Target Support Files/Pods-CoreLocationPock/Pods-CoreLocationPock-resources-${CONFIGURATION}-output-files.xcfilelist",
			);
			runOnlyForDeploymentPostprocessing = 0;
			shellPath = /bin/sh;
			shellScript = "\"${PODS_ROOT}/Target Support Files/Pods-CoreLocationPock/Pods-CoreLocationPock-resources.sh\"\n";
			showEnvVarsInLog = 0;
		};
		903079341E19D4F9FB423768 /* [CP] Check Pods Manifest.lock */ = {
			isa = PBXShellScriptBuildPhase;
			buildActionMask = 2147483647;
			files = (
			);
			inputFileListPaths = (
			);
			inputPaths = (
				"${PODS_PODFILE_DIR_PATH}/Podfile.lock",
				"${PODS_ROOT}/Manifest.lock",
			);
			name = "[CP] Check Pods Manifest.lock";
			outputFileListPaths = (
			);
			outputPaths = (
				"$(DERIVED_FILE_DIR)/Pods-CoreLocationPock-checkManifestLockResult.txt",
			);
			runOnlyForDeploymentPostprocessing = 0;
			shellPath = /bin/sh;
			shellScript = "diff \"${PODS_PODFILE_DIR_PATH}/Podfile.lock\" \"${PODS_ROOT}/Manifest.lock\" > /dev/null\nif [ $? != 0 ] ; then\n    # print error to STDERR\n    echo \"error: The sandbox is not in sync with the Podfile.lock. Run 'pod install' or update your CocoaPods installation.\" >&2\n    exit 1\nfi\n# This output is used by Xcode 'outputs' to avoid re-running this script phase.\necho \"SUCCESS\" > \"${SCRIPT_OUTPUT_FILE_0}\"\n";
			showEnvVarsInLog = 0;
		};
/* End PBXShellScriptBuildPhase section */

/* Begin PBXSourcesBuildPhase section */
		CE26A94D2B838D1C00BDB402 /* Sources */ = {
			isa = PBXSourcesBuildPhase;
			buildActionMask = 2147483647;
			files = (
				CE0A426D2B86688600556BDA /* MapService.swift in Sources */,
				CE26A9592B838D1C00BDB402 /* ViewController.swift in Sources */,
				CE26A9552B838D1C00BDB402 /* AppDelegate.swift in Sources */,
				CEED1E702B87C119008FFFBE /* AddressViewController.swift in Sources */,
				CE26A9692B83907300BDB402 /* HomeViewController.swift in Sources */,
				CE0A42712B8681E300556BDA /* MapViewModel.swift in Sources */,
				CE0A426F2B8668DD00556BDA /* AddressResultModel.swift in Sources */,
				CE26A9702B83D3AF00BDB402 /* MapViewController.swift in Sources */,
				CEAAC2592C5137CA00E3C8DA /* LocationManager.swift in Sources */,
			);
			runOnlyForDeploymentPostprocessing = 0;
		};
/* End PBXSourcesBuildPhase section */

/* Begin PBXVariantGroup section */
		CE26A95F2B838D1E00BDB402 /* LaunchScreen.storyboard */ = {
			isa = PBXVariantGroup;
			children = (
				CE26A9602B838D1E00BDB402 /* Base */,
			);
			name = LaunchScreen.storyboard;
			sourceTree = "<group>";
		};
/* End PBXVariantGroup section */

/* Begin XCBuildConfiguration section */
		CE26A9632B838D1E00BDB402 /* Debug */ = {
			isa = XCBuildConfiguration;
			buildSettings = {
				ALWAYS_SEARCH_USER_PATHS = NO;
				ASSETCATALOG_COMPILER_GENERATE_SWIFT_ASSET_SYMBOL_EXTENSIONS = YES;
				CLANG_ANALYZER_NONNULL = YES;
				CLANG_ANALYZER_NUMBER_OBJECT_CONVERSION = YES_AGGRESSIVE;
				CLANG_CXX_LANGUAGE_STANDARD = "gnu++20";
				CLANG_ENABLE_MODULES = YES;
				CLANG_ENABLE_OBJC_ARC = YES;
				CLANG_ENABLE_OBJC_WEAK = YES;
				CLANG_WARN_BLOCK_CAPTURE_AUTORELEASING = YES;
				CLANG_WARN_BOOL_CONVERSION = YES;
				CLANG_WARN_COMMA = YES;
				CLANG_WARN_CONSTANT_CONVERSION = YES;
				CLANG_WARN_DEPRECATED_OBJC_IMPLEMENTATIONS = YES;
				CLANG_WARN_DIRECT_OBJC_ISA_USAGE = YES_ERROR;
				CLANG_WARN_DOCUMENTATION_COMMENTS = YES;
				CLANG_WARN_EMPTY_BODY = YES;
				CLANG_WARN_ENUM_CONVERSION = YES;
				CLANG_WARN_INFINITE_RECURSION = YES;
				CLANG_WARN_INT_CONVERSION = YES;
				CLANG_WARN_NON_LITERAL_NULL_CONVERSION = YES;
				CLANG_WARN_OBJC_IMPLICIT_RETAIN_SELF = YES;
				CLANG_WARN_OBJC_LITERAL_CONVERSION = YES;
				CLANG_WARN_OBJC_ROOT_CLASS = YES_ERROR;
				CLANG_WARN_QUOTED_INCLUDE_IN_FRAMEWORK_HEADER = YES;
				CLANG_WARN_RANGE_LOOP_ANALYSIS = YES;
				CLANG_WARN_STRICT_PROTOTYPES = YES;
				CLANG_WARN_SUSPICIOUS_MOVE = YES;
				CLANG_WARN_UNGUARDED_AVAILABILITY = YES_AGGRESSIVE;
				CLANG_WARN_UNREACHABLE_CODE = YES;
				CLANG_WARN__DUPLICATE_METHOD_MATCH = YES;
				COPY_PHASE_STRIP = NO;
				DEBUG_INFORMATION_FORMAT = dwarf;
				ENABLE_STRICT_OBJC_MSGSEND = YES;
				ENABLE_TESTABILITY = YES;
				ENABLE_USER_SCRIPT_SANDBOXING = YES;
				GCC_C_LANGUAGE_STANDARD = gnu17;
				GCC_DYNAMIC_NO_PIC = NO;
				GCC_NO_COMMON_BLOCKS = YES;
				GCC_OPTIMIZATION_LEVEL = 0;
				GCC_PREPROCESSOR_DEFINITIONS = (
					"DEBUG=1",
					"$(inherited)",
				);
				GCC_WARN_64_TO_32_BIT_CONVERSION = YES;
				GCC_WARN_ABOUT_RETURN_TYPE = YES_ERROR;
				GCC_WARN_UNDECLARED_SELECTOR = YES;
				GCC_WARN_UNINITIALIZED_AUTOS = YES_AGGRESSIVE;
				GCC_WARN_UNUSED_FUNCTION = YES;
				GCC_WARN_UNUSED_VARIABLE = YES;
				IPHONEOS_DEPLOYMENT_TARGET = 17.2;
				LOCALIZATION_PREFERS_STRING_CATALOGS = YES;
				MTL_ENABLE_DEBUG_INFO = INCLUDE_SOURCE;
				MTL_FAST_MATH = YES;
				ONLY_ACTIVE_ARCH = YES;
				SDKROOT = iphoneos;
				SWIFT_ACTIVE_COMPILATION_CONDITIONS = "DEBUG $(inherited)";
				SWIFT_OPTIMIZATION_LEVEL = "-Onone";
			};
			name = Debug;
		};
		CE26A9642B838D1E00BDB402 /* Release */ = {
			isa = XCBuildConfiguration;
			buildSettings = {
				ALWAYS_SEARCH_USER_PATHS = NO;
				ASSETCATALOG_COMPILER_GENERATE_SWIFT_ASSET_SYMBOL_EXTENSIONS = YES;
				CLANG_ANALYZER_NONNULL = YES;
				CLANG_ANALYZER_NUMBER_OBJECT_CONVERSION = YES_AGGRESSIVE;
				CLANG_CXX_LANGUAGE_STANDARD = "gnu++20";
				CLANG_ENABLE_MODULES = YES;
				CLANG_ENABLE_OBJC_ARC = YES;
				CLANG_ENABLE_OBJC_WEAK = YES;
				CLANG_WARN_BLOCK_CAPTURE_AUTORELEASING = YES;
				CLANG_WARN_BOOL_CONVERSION = YES;
				CLANG_WARN_COMMA = YES;
				CLANG_WARN_CONSTANT_CONVERSION = YES;
				CLANG_WARN_DEPRECATED_OBJC_IMPLEMENTATIONS = YES;
				CLANG_WARN_DIRECT_OBJC_ISA_USAGE = YES_ERROR;
				CLANG_WARN_DOCUMENTATION_COMMENTS = YES;
				CLANG_WARN_EMPTY_BODY = YES;
				CLANG_WARN_ENUM_CONVERSION = YES;
				CLANG_WARN_INFINITE_RECURSION = YES;
				CLANG_WARN_INT_CONVERSION = YES;
				CLANG_WARN_NON_LITERAL_NULL_CONVERSION = YES;
				CLANG_WARN_OBJC_IMPLICIT_RETAIN_SELF = YES;
				CLANG_WARN_OBJC_LITERAL_CONVERSION = YES;
				CLANG_WARN_OBJC_ROOT_CLASS = YES_ERROR;
				CLANG_WARN_QUOTED_INCLUDE_IN_FRAMEWORK_HEADER = YES;
				CLANG_WARN_RANGE_LOOP_ANALYSIS = YES;
				CLANG_WARN_STRICT_PROTOTYPES = YES;
				CLANG_WARN_SUSPICIOUS_MOVE = YES;
				CLANG_WARN_UNGUARDED_AVAILABILITY = YES_AGGRESSIVE;
				CLANG_WARN_UNREACHABLE_CODE = YES;
				CLANG_WARN__DUPLICATE_METHOD_MATCH = YES;
				COPY_PHASE_STRIP = NO;
				DEBUG_INFORMATION_FORMAT = "dwarf-with-dsym";
				ENABLE_NS_ASSERTIONS = NO;
				ENABLE_STRICT_OBJC_MSGSEND = YES;
				ENABLE_USER_SCRIPT_SANDBOXING = YES;
				GCC_C_LANGUAGE_STANDARD = gnu17;
				GCC_NO_COMMON_BLOCKS = YES;
				GCC_WARN_64_TO_32_BIT_CONVERSION = YES;
				GCC_WARN_ABOUT_RETURN_TYPE = YES_ERROR;
				GCC_WARN_UNDECLARED_SELECTOR = YES;
				GCC_WARN_UNINITIALIZED_AUTOS = YES_AGGRESSIVE;
				GCC_WARN_UNUSED_FUNCTION = YES;
				GCC_WARN_UNUSED_VARIABLE = YES;
				IPHONEOS_DEPLOYMENT_TARGET = 17.2;
				LOCALIZATION_PREFERS_STRING_CATALOGS = YES;
				MTL_ENABLE_DEBUG_INFO = NO;
				MTL_FAST_MATH = YES;
				SDKROOT = iphoneos;
				SWIFT_COMPILATION_MODE = wholemodule;
				VALIDATE_PRODUCT = YES;
			};
			name = Release;
		};
		CE26A9662B838D1E00BDB402 /* Debug */ = {
			isa = XCBuildConfiguration;
			baseConfigurationReference = BBF0CF2F381AC7D3A60A8DE5 /* Pods-CoreLocationPock.debug.xcconfig */;
			buildSettings = {
				ASSETCATALOG_COMPILER_APPICON_NAME = AppIcon;
				ASSETCATALOG_COMPILER_GLOBAL_ACCENT_COLOR_NAME = AccentColor;
				CODE_SIGN_IDENTITY = "Apple Development";
				CODE_SIGN_STYLE = Automatic;
				CURRENT_PROJECT_VERSION = 1;
				DEVELOPMENT_TEAM = 8226L48BFX;
				ENABLE_USER_SCRIPT_SANDBOXING = NO;
				GENERATE_INFOPLIST_FILE = YES;
				INFOPLIST_FILE = CoreLocationPock/Resource/Info.plist;
				INFOPLIST_KEY_NSLocationAlwaysAndWhenInUseUsageDescription = "Necessario o uso da localização para que possa usar o core location";
				INFOPLIST_KEY_NSLocationAlwaysUsageDescription = "Required know always where you are ";
				INFOPLIST_KEY_NSLocationWhenInUseUsageDescription = "Required know when in use where you are ";
				INFOPLIST_KEY_UIApplicationSupportsIndirectInputEvents = YES;
				INFOPLIST_KEY_UILaunchStoryboardName = LaunchScreen;
				INFOPLIST_KEY_UISupportedInterfaceOrientations_iPad = "UIInterfaceOrientationPortrait UIInterfaceOrientationPortraitUpsideDown UIInterfaceOrientationLandscapeLeft UIInterfaceOrientationLandscapeRight";
				INFOPLIST_KEY_UISupportedInterfaceOrientations_iPhone = "UIInterfaceOrientationPortrait UIInterfaceOrientationLandscapeLeft UIInterfaceOrientationLandscapeRight";
				LD_RUNPATH_SEARCH_PATHS = (
					"$(inherited)",
					"@executable_path/Frameworks",
				);
				MARKETING_VERSION = 1.0;
				PRODUCT_BUNDLE_IDENTIFIER = paulokucher.CoreLocationPock;
				PRODUCT_NAME = "$(TARGET_NAME)";
				PROVISIONING_PROFILE_SPECIFIER = "";
				SWIFT_EMIT_LOC_STRINGS = YES;
				SWIFT_VERSION = 5.0;
				TARGETED_DEVICE_FAMILY = "1,2";
			};
			name = Debug;
		};
		CE26A9672B838D1E00BDB402 /* Release */ = {
			isa = XCBuildConfiguration;
			baseConfigurationReference = 51670B633DDC2258F8790701 /* Pods-CoreLocationPock.release.xcconfig */;
			buildSettings = {
				ASSETCATALOG_COMPILER_APPICON_NAME = AppIcon;
				ASSETCATALOG_COMPILER_GLOBAL_ACCENT_COLOR_NAME = AccentColor;
				CODE_SIGN_IDENTITY = "Apple Development";
				CODE_SIGN_STYLE = Automatic;
				CURRENT_PROJECT_VERSION = 1;
				DEVELOPMENT_TEAM = 8226L48BFX;
				ENABLE_USER_SCRIPT_SANDBOXING = NO;
				GENERATE_INFOPLIST_FILE = YES;
				INFOPLIST_FILE = CoreLocationPock/Resource/Info.plist;
				INFOPLIST_KEY_NSLocationAlwaysAndWhenInUseUsageDescription = "Necessario o uso da localização para que possa usar o core location";
				INFOPLIST_KEY_NSLocationAlwaysUsageDescription = "Required know always where you are ";
				INFOPLIST_KEY_NSLocationWhenInUseUsageDescription = "Required know when in use where you are ";
				INFOPLIST_KEY_UIApplicationSupportsIndirectInputEvents = YES;
				INFOPLIST_KEY_UILaunchStoryboardName = LaunchScreen;
				INFOPLIST_KEY_UISupportedInterfaceOrientations_iPad = "UIInterfaceOrientationPortrait UIInterfaceOrientationPortraitUpsideDown UIInterfaceOrientationLandscapeLeft UIInterfaceOrientationLandscapeRight";
				INFOPLIST_KEY_UISupportedInterfaceOrientations_iPhone = "UIInterfaceOrientationPortrait UIInterfaceOrientationLandscapeLeft UIInterfaceOrientationLandscapeRight";
				LD_RUNPATH_SEARCH_PATHS = (
					"$(inherited)",
					"@executable_path/Frameworks",
				);
				MARKETING_VERSION = 1.0;
				PRODUCT_BUNDLE_IDENTIFIER = paulokucher.CoreLocationPock;
				PRODUCT_NAME = "$(TARGET_NAME)";
				PROVISIONING_PROFILE_SPECIFIER = "";
				SWIFT_EMIT_LOC_STRINGS = YES;
				SWIFT_VERSION = 5.0;
				TARGETED_DEVICE_FAMILY = "1,2";
			};
			name = Release;
		};
/* End XCBuildConfiguration section */

/* Begin XCConfigurationList section */
		CE26A94C2B838D1C00BDB402 /* Build configuration list for PBXProject "CoreLocationPock" */ = {
			isa = XCConfigurationList;
			buildConfigurations = (
				CE26A9632B838D1E00BDB402 /* Debug */,
				CE26A9642B838D1E00BDB402 /* Release */,
			);
			defaultConfigurationIsVisible = 0;
			defaultConfigurationName = Release;
		};
		CE26A9652B838D1E00BDB402 /* Build configuration list for PBXNativeTarget "CoreLocationPock" */ = {
			isa = XCConfigurationList;
			buildConfigurations = (
				CE26A9662B838D1E00BDB402 /* Debug */,
				CE26A9672B838D1E00BDB402 /* Release */,
			);
			defaultConfigurationIsVisible = 0;
			defaultConfigurationName = Release;
		};
/* End XCConfigurationList section */
	};
	rootObject = CE26A9492B838D1C00BDB402 /* Project object */;
}
